
Microsoft Visual Studio Solution File, Format Version 12.00
# Visual Studio Version 17
VisualStudioVersion = 17.0.31903.59
MinimumVisualStudioVersion = 10.0.40219.1
Project("{FAE04EC0-301F-11D3-BF4B-00C04F79EFBC}") = "API", "API\API.csproj", "{837699E0-D767-4FF5-96BE-57EBD23F5BA8}"
EndProject
Project("{FAE04EC0-301F-11D3-BF4B-00C04F79EFBC}") = "Application", "Application\Application.csproj", "{6299702D-8994-4C80-B000-5BAC8ECEB6B4}"
EndProject
Project("{FAE04EC0-301F-11D3-BF4B-00C04F79EFBC}") = "Domain", "Domain\Domain.csproj", "{6F4587ED-400A-4B4D-8D38-5A872578F6A0}"
EndProject
Project("{FAE04EC0-301F-11D3-BF4B-00C04F79EFBC}") = "Persistence", "Persistence\Persistence.csproj", "{8C13C79F-173B-4C40-9A75-DFE40FBE4EBC}"
EndProject
Global
	GlobalSection(SolutionConfigurationPlatforms) = preSolution
		Debug|Any CPU = Debug|Any CPU
		Debug|x64 = Debug|x64
		Debug|x86 = Debug|x86
		Release|Any CPU = Release|Any CPU
		Release|x64 = Release|x64
		Release|x86 = Release|x86
	EndGlobalSection
	GlobalSection(ProjectConfigurationPlatforms) = postSolution
		{837699E0-D767-4FF5-96BE-57EBD23F5BA8}.Debug|Any CPU.ActiveCfg = Debug|Any CPU
		{837699E0-D767-4FF5-96BE-57EBD23F5BA8}.Debug|Any CPU.Build.0 = Debug|Any CPU
		{837699E0-D767-4FF5-96BE-57EBD23F5BA8}.Debug|x64.ActiveCfg = Debug|Any CPU
		{837699E0-D767-4FF5-96BE-57EBD23F5BA8}.Debug|x64.Build.0 = Debug|Any CPU
		{837699E0-D767-4FF5-96BE-57EBD23F5BA8}.Debug|x86.ActiveCfg = Debug|Any CPU
		{837699E0-D767-4FF5-96BE-57EBD23F5BA8}.Debug|x86.Build.0 = Debug|Any CPU
		{837699E0-D767-4FF5-96BE-57EBD23F5BA8}.Release|Any CPU.ActiveCfg = Release|Any CPU
		{837699E0-D767-4FF5-96BE-57EBD23F5BA8}.Release|Any CPU.Build.0 = Release|Any CPU
		{837699E0-D767-4FF5-96BE-57EBD23F5BA8}.Release|x64.ActiveCfg = Release|Any CPU
		{837699E0-D767-4FF5-96BE-57EBD23F5BA8}.Release|x64.Build.0 = Release|Any CPU
		{837699E0-D767-4FF5-96BE-57EBD23F5BA8}.Release|x86.ActiveCfg = Release|Any CPU
		{837699E0-D767-4FF5-96BE-57EBD23F5BA8}.Release|x86.Build.0 = Release|Any CPU
		{6299702D-8994-4C80-B000-5BAC8ECEB6B4}.Debug|Any CPU.ActiveCfg = Debug|Any CPU
		{6299702D-8994-4C80-B000-5BAC8ECEB6B4}.Debug|Any CPU.Build.0 = Debug|Any CPU
		{6299702D-8994-4C80-B000-5BAC8ECEB6B4}.Debug|x64.ActiveCfg = Debug|Any CPU
		{6299702D-8994-4C80-B000-5BAC8ECEB6B4}.Debug|x64.Build.0 = Debug|Any CPU
		{6299702D-8994-4C80-B000-5BAC8ECEB6B4}.Debug|x86.ActiveCfg = Debug|Any CPU
		{6299702D-8994-4C80-B000-5BAC8ECEB6B4}.Debug|x86.Build.0 = Debug|Any CPU
		{6299702D-8994-4C80-B000-5BAC8ECEB6B4}.Release|Any CPU.ActiveCfg = Release|Any CPU
		{6299702D-8994-4C80-B000-5BAC8ECEB6B4}.Release|Any CPU.Build.0 = Release|Any CPU
		{6299702D-8994-4C80-B000-5BAC8ECEB6B4}.Release|x64.ActiveCfg = Release|Any CPU
		{6299702D-8994-4C80-B000-5BAC8ECEB6B4}.Release|x64.Build.0 = Release|Any CPU
		{6299702D-8994-4C80-B000-5BAC8ECEB6B4}.Release|x86.ActiveCfg = Release|Any CPU
		{6299702D-8994-4C80-B000-5BAC8ECEB6B4}.Release|x86.Build.0 = Release|Any CPU
		{6F4587ED-400A-4B4D-8D38-5A872578F6A0}.Debug|Any CPU.ActiveCfg = Debug|Any CPU
		{6F4587ED-400A-4B4D-8D38-5A872578F6A0}.Debug|Any CPU.Build.0 = Debug|Any CPU
		{6F4587ED-400A-4B4D-8D38-5A872578F6A0}.Debug|x64.ActiveCfg = Debug|Any CPU
		{6F4587ED-400A-4B4D-8D38-5A872578F6A0}.Debug|x64.Build.0 = Debug|Any CPU
		{6F4587ED-400A-4B4D-8D38-5A872578F6A0}.Debug|x86.ActiveCfg = Debug|Any CPU
		{6F4587ED-400A-4B4D-8D38-5A872578F6A0}.Debug|x86.Build.0 = Debug|Any CPU
		{6F4587ED-400A-4B4D-8D38-5A872578F6A0}.Release|Any CPU.ActiveCfg = Release|Any CPU
		{6F4587ED-400A-4B4D-8D38-5A872578F6A0}.Release|Any CPU.Build.0 = Release|Any CPU
		{6F4587ED-400A-4B4D-8D38-5A872578F6A0}.Release|x64.ActiveCfg = Release|Any CPU
		{6F4587ED-400A-4B4D-8D38-5A872578F6A0}.Release|x64.Build.0 = Release|Any CPU
		{6F4587ED-400A-4B4D-8D38-5A872578F6A0}.Release|x86.ActiveCfg = Release|Any CPU
		{6F4587ED-400A-4B4D-8D38-5A872578F6A0}.Release|x86.Build.0 = Release|Any CPU
		{8C13C79F-173B-4C40-9A75-DFE40FBE4EBC}.Debug|Any CPU.ActiveCfg = Debug|Any CPU
		{8C13C79F-173B-4C40-9A75-DFE40FBE4EBC}.Debug|Any CPU.Build.0 = Debug|Any CPU
		{8C13C79F-173B-4C40-9A75-DFE40FBE4EBC}.Debug|x64.ActiveCfg = Debug|Any CPU
		{8C13C79F-173B-4C40-9A75-DFE40FBE4EBC}.Debug|x64.Build.0 = Debug|Any CPU
		{8C13C79F-173B-4C40-9A75-DFE40FBE4EBC}.Debug|x86.ActiveCfg = Debug|Any CPU
		{8C13C79F-173B-4C40-9A75-DFE40FBE4EBC}.Debug|x86.Build.0 = Debug|Any CPU
		{8C13C79F-173B-4C40-9A75-DFE40FBE4EBC}.Release|Any CPU.ActiveCfg = Release|Any CPU
		{8C13C79F-173B-4C40-9A75-DFE40FBE4EBC}.Release|Any CPU.Build.0 = Release|Any CPU
		{8C13C79F-173B-4C40-9A75-DFE40FBE4EBC}.Release|x64.ActiveCfg = Release|Any CPU
		{8C13C79F-173B-4C40-9A75-DFE40FBE4EBC}.Release|x64.Build.0 = Release|Any CPU
		{8C13C79F-173B-4C40-9A75-DFE40FBE4EBC}.Release|x86.ActiveCfg = Release|Any CPU
		{8C13C79F-173B-4C40-9A75-DFE40FBE4EBC}.Release|x86.Build.0 = Release|Any CPU
	EndGlobalSection
	GlobalSection(SolutionProperties) = preSolution
		HideSolutionNode = FALSE
	EndGlobalSection
EndGlobal
